github.com/emirpasic/gods/v2 v2.0.0-alpha.0.20250312000129-1d83d5ae39fb h1:+O4W0sYD30tjUq/vvcAloMm/ZfMKei1uSVfAo+/ivO0=
github.com/emirpasic/gods/v2 v2.0.0-alpha.0.20250312000129-1d83d5ae39fb/go.mod h1:W0y4M2dtBB9U5z3YlghmpuUhiaZT2h6yoeE+C1sCp6A=
go.uber.org/multierr v1.11.0 h1:blXXJkSxSSfBVBlC76pxqeO+LN3aDfLQo+309xJstO0=
go.uber.org/multierr v1.11.0/go.mod h1:20+QtiLqy0Nd6FdQB9TLXag12DsQkrbs3htMFfDN80Y=
